
Microsoft Visual Studio Solution File, Format Version 12.00
# Visual Studio 2013
VisualStudioVersion = 12.0.31101.0
MinimumVisualStudioVersion = 10.0.40219.1
Project("{FAE04EC0-301F-11D3-BF4B-00C04F79EFBC}") = "head-tracking-with-kinect-WPF", “head-tracking-with-kinect-WPF\head-tracking-with-kinect-WPF.csproj", "{4FE03003-7A9A-4150-ABE1-DA70E06640E6}"
EndProject
Global
	GlobalSection(SolutionConfigurationPlatforms) = preSolution
		Debug|Any CPU = Debug|Any CPU
		Release|Any CPU = Release|Any CPU
	EndGlobalSection
	GlobalSection(ProjectConfigurationPlatforms) = postSolution
		{4FE03003-7A9A-4150-ABE1-DA70E06640E6}.Debug|Any CPU.ActiveCfg = Debug|Any CPU
		{4FE03003-7A9A-4150-ABE1-DA70E06640E6}.Debug|Any CPU.Build.0 = Debug|Any CPU
		{4FE03003-7A9A-4150-ABE1-DA70E06640E6}.Release|Any CPU.ActiveCfg = Release|Any CPU
		{4FE03003-7A9A-4150-ABE1-DA70E06640E6}.Release|Any CPU.Build.0 = Release|Any CPU
	EndGlobalSection
	GlobalSection(SolutionProperties) = preSolution
		HideSolutionNode = FALSE
	EndGlobalSection
EndGlobal
